
Microsoft Visual Studio Solution File, Format Version 12.00
# Visual Studio 15
VisualStudioVersion = 15.0.27703.2026
MinimumVisualStudioVersion = 10.0.40219.1
Project("{2150E333-8FDC-42A3-9474-1A3956D46DE8}") = "src", "src", "{C708553C-A066-421C-9AAC-E0BA89EFB27A}"
EndProject
Project("{2150E333-8FDC-42A3-9474-1A3956D46DE8}") = "test", "test", "{32BB5BAB-90D0-4446-BA70-C732AECC9CCE}"
EndProject
Project("{9A19103F-16F7-4668-BE54-9A1E7A4F7556}") = "DotNetWheels.Net", "src\DotNetWheels.Net\DotNetWheels.Net.csproj", "{224AD83C-50A1-41B0-8DB6-383F6F6DD11F}"
EndProject
Project("{FAE04EC0-301F-11D3-BF4B-00C04F79EFBC}") = "DotNetWheels.Net.Tests", "test\DotNetWheels.Net.Tests\DotNetWheels.Net.Tests.csproj", "{5ED280CF-A0BD-4DA4-B15D-0747535F2059}"
EndProject
Global
	GlobalSection(SolutionConfigurationPlatforms) = preSolution
		Debug|Any CPU = Debug|Any CPU
		Release|Any CPU = Release|Any CPU
	EndGlobalSection
	GlobalSection(ProjectConfigurationPlatforms) = postSolution
		{224AD83C-50A1-41B0-8DB6-383F6F6DD11F}.Debug|Any CPU.ActiveCfg = Debug|Any CPU
		{224AD83C-50A1-41B0-8DB6-383F6F6DD11F}.Debug|Any CPU.Build.0 = Debug|Any CPU
		{224AD83C-50A1-41B0-8DB6-383F6F6DD11F}.Release|Any CPU.ActiveCfg = Release|Any CPU
		{224AD83C-50A1-41B0-8DB6-383F6F6DD11F}.Release|Any CPU.Build.0 = Release|Any CPU
		{5ED280CF-A0BD-4DA4-B15D-0747535F2059}.Debug|Any CPU.ActiveCfg = Debug|Any CPU
		{5ED280CF-A0BD-4DA4-B15D-0747535F2059}.Debug|Any CPU.Build.0 = Debug|Any CPU
		{5ED280CF-A0BD-4DA4-B15D-0747535F2059}.Release|Any CPU.ActiveCfg = Release|Any CPU
		{5ED280CF-A0BD-4DA4-B15D-0747535F2059}.Release|Any CPU.Build.0 = Release|Any CPU
	EndGlobalSection
	GlobalSection(SolutionProperties) = preSolution
		HideSolutionNode = FALSE
	EndGlobalSection
	GlobalSection(NestedProjects) = preSolution
		{224AD83C-50A1-41B0-8DB6-383F6F6DD11F} = {C708553C-A066-421C-9AAC-E0BA89EFB27A}
		{5ED280CF-A0BD-4DA4-B15D-0747535F2059} = {32BB5BAB-90D0-4446-BA70-C732AECC9CCE}
	EndGlobalSection
	GlobalSection(ExtensibilityGlobals) = postSolution
		SolutionGuid = {DEA69BEB-2BF4-45C3-948C-FF22E3C1A5EC}
	EndGlobalSection
EndGlobal
